
Microsoft Visual Studio Solution File, Format Version 12.00
# Visual Studio Version 16
VisualStudioVersion = 16.0.31729.503
MinimumVisualStudioVersion = 10.0.40219.1
Project("{FAE04EC0-301F-11D3-BF4B-00C04F79EFBC}") = "Doble linked list", "Doble linked list\Doble linked list.csproj", "{2393F326-7E1D-4A0D-B71B-B99E4B7B1030}"
EndProject
Global
	GlobalSection(SolutionConfigurationPlatforms) = preSolution
		Debug|Any CPU = Debug|Any CPU
		Release|Any CPU = Release|Any CPU
	EndGlobalSection
	GlobalSection(ProjectConfigurationPlatforms) = postSolution
		{2393F326-7E1D-4A0D-B71B-B99E4B7B1030}.Debug|Any CPU.ActiveCfg = Debug|Any CPU
		{2393F326-7E1D-4A0D-B71B-B99E4B7B1030}.Debug|Any CPU.Build.0 = Debug|Any CPU
		{2393F326-7E1D-4A0D-B71B-B99E4B7B1030}.Release|Any CPU.ActiveCfg = Release|Any CPU
		{2393F326-7E1D-4A0D-B71B-B99E4B7B1030}.Release|Any CPU.Build.0 = Release|Any CPU
	EndGlobalSection
	GlobalSection(SolutionProperties) = preSolution
		HideSolutionNode = FALSE
	EndGlobalSection
	GlobalSection(ExtensibilityGlobals) = postSolution
		SolutionGuid = {BB7F57D9-9FB0-44CE-A8E8-BA2CEC6AECA6}
	EndGlobalSection
EndGlobal
